Microsoft Visual Studio Solution File, Format Version 11.00
# Visual Studio 2008

Project("{A548889B-9D5D-8673-079B-383D596FAF72}") = "Demo HackForGood", "Assembly-CSharp-firstpass.csproj", "{62E0CA87-0C32-5500-F338-9AE406B29AC0}"
EndProject
Project("{A548889B-9D5D-8673-079B-383D596FAF72}") = "Demo HackForGood", "Assembly-CSharp.csproj", "{D7F24815-F4C4-5B78-8F11-DEC079D665C6}"
EndProject
Project("{A548889B-9D5D-8673-079B-383D596FAF72}") = "Demo HackForGood", "Assembly-UnityScript-firstpass.unityproj", "{0062895B-8182-C98C-4813-32DE95C5FDA2}"
EndProject
Global
	GlobalSection(SolutionConfigurationPlatforms) = preSolution
		Debug|Any CPU = Debug|Any CPU
		Release|Any CPU = Release|Any CPU
	EndGlobalSection
	GlobalSection(ProjectConfigurationPlatforms) = postSolution
		{62E0CA87-0C32-5500-F338-9AE406B29AC0}.Debug|Any CPU.ActiveCfg = Debug|Any CPU
		{62E0CA87-0C32-5500-F338-9AE406B29AC0}.Debug|Any CPU.Build.0 = Debug|Any CPU
		{62E0CA87-0C32-5500-F338-9AE406B29AC0}.Release|Any CPU.ActiveCfg = Release|Any CPU
		{62E0CA87-0C32-5500-F338-9AE406B29AC0}.Release|Any CPU.Build.0 = Release|Any CPU
		{D7F24815-F4C4-5B78-8F11-DEC079D665C6}.Debug|Any CPU.ActiveCfg = Debug|Any CPU
		{D7F24815-F4C4-5B78-8F11-DEC079D665C6}.Debug|Any CPU.Build.0 = Debug|Any CPU
		{D7F24815-F4C4-5B78-8F11-DEC079D665C6}.Release|Any CPU.ActiveCfg = Release|Any CPU
		{D7F24815-F4C4-5B78-8F11-DEC079D665C6}.Release|Any CPU.Build.0 = Release|Any CPU
		{0062895B-8182-C98C-4813-32DE95C5FDA2}.Debug|Any CPU.ActiveCfg = Debug|Any CPU
		{0062895B-8182-C98C-4813-32DE95C5FDA2}.Debug|Any CPU.Build.0 = Debug|Any CPU
		{0062895B-8182-C98C-4813-32DE95C5FDA2}.Release|Any CPU.ActiveCfg = Release|Any CPU
		{0062895B-8182-C98C-4813-32DE95C5FDA2}.Release|Any CPU.Build.0 = Release|Any CPU
	EndGlobalSection
	GlobalSection(SolutionProperties) = preSolution
		HideSolutionNode = FALSE
	EndGlobalSection
																		GlobalSection(MonoDevelopProperties) = preSolution
		StartupItem = Assembly-CSharp.csproj
		Policies = $0
		$0.TextStylePolicy = $1
		$1.inheritsSet = null
		$1.scope = text/x-csharp
		$0.CSharpFormattingPolicy = $2
		$2.inheritsSet = Mono
		$2.inheritsScope = text/x-csharp
		$2.scope = text/x-csharp
		$0.TextStylePolicy = $3
		$3.FileWidth = 120
		$3.TabWidth = 4
		$3.EolMarker = Unix
		$3.inheritsSet = Mono
		$3.inheritsScope = text/plain
		$3.scope = text/plain
	EndGlobalSection

EndGlobal
